
Microsoft Visual Studio Solution File, Format Version 12.00
# Visual Studio Version 16
VisualStudioVersion = 16.0.29123.88
MinimumVisualStudioVersion = 10.0.40219.1
Project("{9A19103F-16F7-4668-BE54-9A1E7A4F7556}") = "BackendCodingExercise", "BackendCodingExercise.csproj", "{C919D3DC-73F1-411C-B890-E3578C632BD5}"
EndProject
Project("{FAE04EC0-301F-11D3-BF4B-00C04F79EFBC}") = "BillableTransactionDatabase", "..\BillableTransactionDatabase\BillableTransactionDatabase.csproj", "{B6AE658C-7DE6-41F8-B232-C75EE262C5A4}"
EndProject
Global
	GlobalSection(SolutionConfigurationPlatforms) = preSolution
		Debug|Any CPU = Debug|Any CPU
		Release|Any CPU = Release|Any CPU
	EndGlobalSection
	GlobalSection(ProjectConfigurationPlatforms) = postSolution
		{C919D3DC-73F1-411C-B890-E3578C632BD5}.Debug|Any CPU.ActiveCfg = Debug|Any CPU
		{C919D3DC-73F1-411C-B890-E3578C632BD5}.Debug|Any CPU.Build.0 = Debug|Any CPU
		{C919D3DC-73F1-411C-B890-E3578C632BD5}.Release|Any CPU.ActiveCfg = Release|Any CPU
		{C919D3DC-73F1-411C-B890-E3578C632BD5}.Release|Any CPU.Build.0 = Release|Any CPU
		{B6AE658C-7DE6-41F8-B232-C75EE262C5A4}.Debug|Any CPU.ActiveCfg = Debug|Any CPU
		{B6AE658C-7DE6-41F8-B232-C75EE262C5A4}.Debug|Any CPU.Build.0 = Debug|Any CPU
		{B6AE658C-7DE6-41F8-B232-C75EE262C5A4}.Release|Any CPU.ActiveCfg = Release|Any CPU
		{B6AE658C-7DE6-41F8-B232-C75EE262C5A4}.Release|Any CPU.Build.0 = Release|Any CPU
	EndGlobalSection
	GlobalSection(SolutionProperties) = preSolution
		HideSolutionNode = FALSE
	EndGlobalSection
	GlobalSection(ExtensibilityGlobals) = postSolution
		SolutionGuid = {84FFAB0B-E6B0-4CFB-BE7E-07E3F37DA1DE}
	EndGlobalSection
EndGlobal
